
Microsoft Visual Studio Solution File, Format Version 12.00
# Visual Studio 2012
Project("{F2A71F9B-5D33-465A-A702-920D77279786}") = "TestsInFsharp", "TestsInFsharp\TestsInFsharp.fsproj", "{3D730584-161E-4111-81E7-2474AECDFD60}"
EndProject
Project("{2150E333-8FDC-42A3-9474-1A3956D46DE8}") = "1-Explore interactively", "1-Explore interactively", "{8F5E8E50-483E-470C-98D8-072DEF60BD44}"
	ProjectSection(SolutionItems) = preProject
		explore-net-interactively.fsx = explore-net-interactively.fsx
		explore-own-code-interactively.fsx = explore-own-code-interactively.fsx
		explore-webservices-interactively.fsx = explore-webservices-interactively.fsx
		explore-winforms-interactively.fsx = explore-winforms-interactively.fsx
	EndProjectSection
EndProject
Project("{2150E333-8FDC-42A3-9474-1A3956D46DE8}") = "2-Development scripts", "2-Development scripts", "{DB52E61B-45EB-4ED5-8E8D-D8D8D3AC2F47}"
	ProjectSection(SolutionItems) = preProject
		dev-debug.fsx = dev-debug.fsx
		dev-rss-to-csv.fsx = dev-rss-to-csv.fsx
		dev-website-responding.fsx = dev-website-responding.fsx
		dev-wmi-stats.fsx = dev-wmi-stats.fsx
		fake.fsx = fake.fsx
	EndProjectSection
EndProject
Project("{F2A71F9B-5D33-465A-A702-920D77279786}") = "SqlInFsharp", "SqlInFsharp\SqlInFsharp.fsproj", "{29DD68BE-B183-49A0-8AF4-D6AA1BB25B63}"
EndProject
Project("{2150E333-8FDC-42A3-9474-1A3956D46DE8}") = "5-Other scripts", "5-Other scripts", "{9D7A8196-D2E3-4FAE-9C59-419BEA90D021}"
	ProjectSection(SolutionItems) = preProject
		freebase.fsx = freebase.fsx
		world-bank.fsx = world-bank.fsx
	EndProjectSection
EndProject
Global
	GlobalSection(SolutionConfigurationPlatforms) = preSolution
		Debug|Any CPU = Debug|Any CPU
		Release|Any CPU = Release|Any CPU
	EndGlobalSection
	GlobalSection(ProjectConfigurationPlatforms) = postSolution
		{3D730584-161E-4111-81E7-2474AECDFD60}.Debug|Any CPU.ActiveCfg = Debug|Any CPU
		{3D730584-161E-4111-81E7-2474AECDFD60}.Debug|Any CPU.Build.0 = Debug|Any CPU
		{3D730584-161E-4111-81E7-2474AECDFD60}.Release|Any CPU.ActiveCfg = Release|Any CPU
		{3D730584-161E-4111-81E7-2474AECDFD60}.Release|Any CPU.Build.0 = Release|Any CPU
		{29DD68BE-B183-49A0-8AF4-D6AA1BB25B63}.Debug|Any CPU.ActiveCfg = Debug|Any CPU
		{29DD68BE-B183-49A0-8AF4-D6AA1BB25B63}.Debug|Any CPU.Build.0 = Debug|Any CPU
		{29DD68BE-B183-49A0-8AF4-D6AA1BB25B63}.Release|Any CPU.ActiveCfg = Release|Any CPU
		{29DD68BE-B183-49A0-8AF4-D6AA1BB25B63}.Release|Any CPU.Build.0 = Release|Any CPU
	EndGlobalSection
	GlobalSection(SolutionProperties) = preSolution
		HideSolutionNode = FALSE
	EndGlobalSection
EndGlobal
